<?xml version="1.0" encoding="utf-8"?>
<Project ToolsVersion="4.0" xmlns="http://schemas.microsoft.com/developer/msbuild/2003">
  <ItemGroup>
    <ClCompile Include="Audio.cpp">
      <Filter>Engine\Modules</Filter>
    </ClCompile>
    <ClCompile Include="PugiXml\src\pugixml.cpp">
      <Filter>Engine\Tools\pugixml</Filter>
    </ClCompile>
    <ClCompile Include="Window.cpp">
      <Filter>Engine\Modules</Filter>
    </ClCompile>
    <ClCompile Include="Main.cpp">
      <Filter>Engine</Filter>
    </ClCompile>
    <ClCompile Include="Input.cpp">
      <Filter>Engine\Modules</Filter>
    </ClCompile>
    <ClCompile Include="Render.cpp">
      <Filter>Engine\Modules</Filter>
    </ClCompile>
    <ClCompile Include="PerfTimer.cpp">
      <Filter>Engine\Tools</Filter>
    </ClCompile>
    <ClCompile Include="Textures.cpp">
      <Filter>Engine\Modules</Filter>
    </ClCompile>
    <ClCompile Include="Timer.cpp">
      <Filter>Engine\Tools</Filter>
    </ClCompile>
    <ClCompile Include="p2Log.cpp">
      <Filter>Engine\Tools</Filter>
    </ClCompile>
    <ClCompile Include="j1App.cpp">
      <Filter>Engine</Filter>
    </ClCompile>
    <ClCompile Include="Video.cpp">
      <Filter>Engine\Modules</Filter>
    </ClCompile>
    <ClCompile Include="Scene.cpp">
      <Filter>Engine\Modules</Filter>
    </ClCompile>
    <ClCompile Include="theoraplay.cpp">
      <Filter>Engine\Tools\theoraplay</Filter>
    </ClCompile>
  </ItemGroup>
  <ItemGroup>
    <ClInclude Include="Audio.h">
      <Filter>Engine\Modules</Filter>
    </ClInclude>
    <ClInclude Include="PugiXml\src\pugiconfig.hpp">
      <Filter>Engine\Tools\pugixml</Filter>
    </ClInclude>
    <ClInclude Include="PugiXml\src\pugixml.hpp">
      <Filter>Engine\Tools\pugixml</Filter>
    </ClInclude>
    <ClInclude Include="Window.h">
      <Filter>Engine\Modules</Filter>
    </ClInclude>
    <ClInclude Include="Input.h">
      <Filter>Engine\Modules</Filter>
    </ClInclude>
    <ClInclude Include="Module.h">
      <Filter>Engine\Modules</Filter>
    </ClInclude>
    <ClInclude Include="Render.h">
      <Filter>Engine\Modules</Filter>
    </ClInclude>
    <ClInclude Include="PerfTimer.h">
      <Filter>Engine\Tools</Filter>
    </ClInclude>
    <ClInclude Include="Textures.h">
      <Filter>Engine\Modules</Filter>
    </ClInclude>
    <ClInclude Include="Timer.h">
      <Filter>Engine\Tools</Filter>
    </ClInclude>
    <ClInclude Include="p2Defs.h">
      <Filter>Engine\Tools</Filter>
    </ClInclude>
    <ClInclude Include="p2Log.h">
      <Filter>Engine\Tools</Filter>
    </ClInclude>
    <ClInclude Include="p2Point.h">
      <Filter>Engine\Tools</Filter>
    </ClInclude>
    <ClInclude Include="j1App.h">
      <Filter>Engine</Filter>
    </ClInclude>
    <ClInclude Include="Video.h">
      <Filter>Engine\Modules</Filter>
    </ClInclude>
    <ClInclude Include="Scene.h">
      <Filter>Engine\Modules</Filter>
    </ClInclude>
    <ClInclude Include="theoraplay.h">
      <Filter>Engine\Tools\theoraplay</Filter>
    </ClInclude>
    <ClInclude Include="theoraplay_cvtrgb.h">
      <Filter>Engine\Tools\theoraplay</Filter>
    </ClInclude>
  </ItemGroup>
  <ItemGroup>
    <Filter Include="Engine">
      <UniqueIdentifier>{1c462152-ff93-466f-9e1e-2ef66ab041b8}</UniqueIdentifier>
    </Filter>
    <Filter Include="Engine\Modules">
      <UniqueIdentifier>{655a1910-434e-4885-aaa7-2e50b25729a1}</UniqueIdentifier>
    </Filter>
    <Filter Include="Engine\Tools">
      <UniqueIdentifier>{0fa1e2b7-88cb-41de-9988-8adae7958b89}</UniqueIdentifier>
    </Filter>
    <Filter Include="Engine\Tools\pugixml">
      <UniqueIdentifier>{d3fb5018-17c8-4f65-85d8-72614b688577}</UniqueIdentifier>
    </Filter>
    <Filter Include="Engine\Tools\theoraplay">
      <UniqueIdentifier>{6572f0bc-2418-4340-929c-058829ae3eae}</UniqueIdentifier>
    </Filter>
  </ItemGroup>
</Project>